# This file is autogenerated, do not edit; changes may be undone by the next 'dep ensure'.


[[projects]]
  name = "github.com/golang/protobuf"
  packages = [
    "jsonpb",
    "proto",
    "ptypes/struct"
  ]
  revision = "925541529c1fa6821df4e44ce2723319eb2be768"
  version = "v1.0.0"

[[projects]]
  name = "github.com/twitchtv/twirp"
  packages = [
    ".",
    "ctxsetters",
    "internal/contextkeys"
  ]
  revision = "125be91eedbde9ffaec9838e5ab7d94ef2760444"
  version = "v5.2.0"

[solve-meta]
  analyzer-name = "dep"
  analyzer-version = 1
  inputs-digest = "8a1a37356c4feba603cf5e8a1ab8567ec7833f12e226a4952016519746431726"
  solver-name = "gps-cdcl"
  solver-version = 1
